
Microsoft Visual Studio Solution File, Format Version 12.00
# Visual Studio Version 17
VisualStudioVersion = 17.5.002.0
MinimumVisualStudioVersion = 10.0.40219.1
Project("{9A19103F-16F7-4668-BE54-9A1E7A4F7556}") = "QuizApp", "QuizApp.csproj", "{8B23D244-290C-4508-B6FF-CA59E60BE257}"
EndProject
Global
	GlobalSection(SolutionConfigurationPlatforms) = preSolution
		Debug|Any CPU = Debug|Any CPU
		Release|Any CPU = Release|Any CPU
	EndGlobalSection
	GlobalSection(ProjectConfigurationPlatforms) = postSolution
		{8B23D244-290C-4508-B6FF-CA59E60BE257}.Debug|Any CPU.ActiveCfg = Debug|Any CPU
		{8B23D244-290C-4508-B6FF-CA59E60BE257}.Debug|Any CPU.Build.0 = Debug|Any CPU
		{8B23D244-290C-4508-B6FF-CA59E60BE257}.Release|Any CPU.ActiveCfg = Release|Any CPU
		{8B23D244-290C-4508-B6FF-CA59E60BE257}.Release|Any CPU.Build.0 = Release|Any CPU
	EndGlobalSection
	GlobalSection(SolutionProperties) = preSolution
		HideSolutionNode = FALSE
	EndGlobalSection
	GlobalSection(ExtensibilityGlobals) = postSolution
		SolutionGuid = {C83E686D-F335-4AFF-90DB-4EC546761F2C}
	EndGlobalSection
EndGlobal
